
Microsoft Visual Studio Solution File, Format Version 10.00
# Visual Studio 2008
Project("{FAE04EC0-301F-11D3-BF4B-00C04F79EFBC}") = "RMSSerialMaker", "RMSSerialMaker\RMSSerialMaker.csproj", "{7F46F0B8-CC87-40C5-88FB-A27E30FC7553}"
EndProject
Project("{54435603-DBB4-11D2-8724-00A0C9A8B90C}") = "RMSActivationCodeMaker", "RMSActivationCodeMaker\RMSActivationCodeMaker.vdproj", "{C7344FCC-6C0C-4882-8B5A-F814010F0E2D}"
EndProject
Global
	GlobalSection(SourceCodeControl) = preSolution
		SccNumberOfProjects = 3
		SccLocalPath0 = .
		SccProjectUniqueName1 = RMSActivationCodeMaker\\RMSActivationCodeMaker.vdproj
		SccLocalPath1 = .
		SccProjectFilePathRelativizedFromConnection1 = RMSActivationCodeMaker\\
		SccProjectUniqueName2 = RMSSerialMaker\\RMSSerialMaker.csproj
		SccLocalPath2 = .
		SccProjectFilePathRelativizedFromConnection2 = RMSSerialMaker\\
	EndGlobalSection
	GlobalSection(SolutionConfigurationPlatforms) = preSolution
		Debug|Any CPU = Debug|Any CPU
		Release|Any CPU = Release|Any CPU
	EndGlobalSection
	GlobalSection(ProjectConfigurationPlatforms) = postSolution
		{7F46F0B8-CC87-40C5-88FB-A27E30FC7553}.Debug|Any CPU.ActiveCfg = Debug|Any CPU
		{7F46F0B8-CC87-40C5-88FB-A27E30FC7553}.Debug|Any CPU.Build.0 = Debug|Any CPU
		{7F46F0B8-CC87-40C5-88FB-A27E30FC7553}.Release|Any CPU.ActiveCfg = Release|Any CPU
		{7F46F0B8-CC87-40C5-88FB-A27E30FC7553}.Release|Any CPU.Build.0 = Release|Any CPU
		{C7344FCC-6C0C-4882-8B5A-F814010F0E2D}.Debug|Any CPU.ActiveCfg = Debug
		{C7344FCC-6C0C-4882-8B5A-F814010F0E2D}.Release|Any CPU.ActiveCfg = Release
	EndGlobalSection
	GlobalSection(SolutionProperties) = preSolution
		HideSolutionNode = FALSE
	EndGlobalSection
EndGlobal
