
Microsoft Visual Studio Solution File, Format Version 11.00
# Visual Studio 2010
Project("{FAE04EC0-301F-11D3-BF4B-00C04F79EFBC}") = "RMSClient", "RMSClient\RMSClient.csproj", "{53788615-0F07-4A3C-B22C-CAC631AEF38C}"
EndProject
Project("{FAE04EC0-301F-11D3-BF4B-00C04F79EFBC}") = "Common", "Common\Common.csproj", "{1AD97A32-2C57-41FE-BA55-0DFD4A8E0A17}"
EndProject
Project("{FAE04EC0-301F-11D3-BF4B-00C04F79EFBC}") = "ConfigService", "ConfigService\ConfigService.csproj", "{28E91A6F-C409-4A3F-8779-7A97A2BF4999}"
EndProject
Project("{FAE04EC0-301F-11D3-BF4B-00C04F79EFBC}") = "Database", "DAL\Database.csproj", "{3A48D462-2F08-4C11-8D80-81AF2D9494F2}"
EndProject
Project("{FAE04EC0-301F-11D3-BF4B-00C04F79EFBC}") = "Logger", "Logger\Logger.csproj", "{5BE2A0E8-5D59-4E3F-82B4-B04DD0E7C0C2}"
EndProject
Project("{FAE04EC0-301F-11D3-BF4B-00C04F79EFBC}") = "Managers", "Managers\Managers.csproj", "{6F2812B3-A416-4178-8A8A-DDC01C74E198}"
EndProject
Project("{FAE04EC0-301F-11D3-BF4B-00C04F79EFBC}") = "SetupDBCreationAction", "DatabaseCreationCustomAction\SetupDBCreationAction.csproj", "{FA341159-CF1B-4FD8-BBC7-88D190761640}"
EndProject
Project("{FAE04EC0-301F-11D3-BF4B-00C04F79EFBC}") = "RmsRemote", "RmsRemote\RmsRemote.csproj", "{5538E6D8-2E2F-4A35-880E-20167ECA33A6}"
EndProject
Project("{54435603-DBB4-11D2-8724-00A0C9A8B90C}") = "RMSClientSetup", "RMSSvcSetup\RMSSvcSetup.vdproj", "{503432AC-5ADA-46D2-9319-108772E05360}"
EndProject
Global
	GlobalSection(SolutionConfigurationPlatforms) = preSolution
		Debug|Any CPU = Debug|Any CPU
		Release|Any CPU = Release|Any CPU
	EndGlobalSection
	GlobalSection(ProjectConfigurationPlatforms) = postSolution
		{53788615-0F07-4A3C-B22C-CAC631AEF38C}.Debug|Any CPU.ActiveCfg = Debug|Any CPU
		{53788615-0F07-4A3C-B22C-CAC631AEF38C}.Debug|Any CPU.Build.0 = Debug|Any CPU
		{53788615-0F07-4A3C-B22C-CAC631AEF38C}.Release|Any CPU.ActiveCfg = Release|Any CPU
		{53788615-0F07-4A3C-B22C-CAC631AEF38C}.Release|Any CPU.Build.0 = Release|Any CPU
		{1AD97A32-2C57-41FE-BA55-0DFD4A8E0A17}.Debug|Any CPU.ActiveCfg = Debug|Any CPU
		{1AD97A32-2C57-41FE-BA55-0DFD4A8E0A17}.Debug|Any CPU.Build.0 = Debug|Any CPU
		{1AD97A32-2C57-41FE-BA55-0DFD4A8E0A17}.Release|Any CPU.ActiveCfg = Release|Any CPU
		{1AD97A32-2C57-41FE-BA55-0DFD4A8E0A17}.Release|Any CPU.Build.0 = Release|Any CPU
		{28E91A6F-C409-4A3F-8779-7A97A2BF4999}.Debug|Any CPU.ActiveCfg = Debug|Any CPU
		{28E91A6F-C409-4A3F-8779-7A97A2BF4999}.Debug|Any CPU.Build.0 = Debug|Any CPU
		{28E91A6F-C409-4A3F-8779-7A97A2BF4999}.Release|Any CPU.ActiveCfg = Release|Any CPU
		{28E91A6F-C409-4A3F-8779-7A97A2BF4999}.Release|Any CPU.Build.0 = Release|Any CPU
		{3A48D462-2F08-4C11-8D80-81AF2D9494F2}.Debug|Any CPU.ActiveCfg = Debug|Any CPU
		{3A48D462-2F08-4C11-8D80-81AF2D9494F2}.Debug|Any CPU.Build.0 = Debug|Any CPU
		{3A48D462-2F08-4C11-8D80-81AF2D9494F2}.Release|Any CPU.ActiveCfg = Release|Any CPU
		{3A48D462-2F08-4C11-8D80-81AF2D9494F2}.Release|Any CPU.Build.0 = Release|Any CPU
		{5BE2A0E8-5D59-4E3F-82B4-B04DD0E7C0C2}.Debug|Any CPU.ActiveCfg = Debug|Any CPU
		{5BE2A0E8-5D59-4E3F-82B4-B04DD0E7C0C2}.Debug|Any CPU.Build.0 = Debug|Any CPU
		{5BE2A0E8-5D59-4E3F-82B4-B04DD0E7C0C2}.Release|Any CPU.ActiveCfg = Release|Any CPU
		{5BE2A0E8-5D59-4E3F-82B4-B04DD0E7C0C2}.Release|Any CPU.Build.0 = Release|Any CPU
		{6F2812B3-A416-4178-8A8A-DDC01C74E198}.Debug|Any CPU.ActiveCfg = Debug|Any CPU
		{6F2812B3-A416-4178-8A8A-DDC01C74E198}.Debug|Any CPU.Build.0 = Debug|Any CPU
		{6F2812B3-A416-4178-8A8A-DDC01C74E198}.Release|Any CPU.ActiveCfg = Release|Any CPU
		{6F2812B3-A416-4178-8A8A-DDC01C74E198}.Release|Any CPU.Build.0 = Release|Any CPU
		{FA341159-CF1B-4FD8-BBC7-88D190761640}.Debug|Any CPU.ActiveCfg = Debug|Any CPU
		{FA341159-CF1B-4FD8-BBC7-88D190761640}.Debug|Any CPU.Build.0 = Debug|Any CPU
		{FA341159-CF1B-4FD8-BBC7-88D190761640}.Release|Any CPU.ActiveCfg = Release|Any CPU
		{FA341159-CF1B-4FD8-BBC7-88D190761640}.Release|Any CPU.Build.0 = Release|Any CPU
		{5538E6D8-2E2F-4A35-880E-20167ECA33A6}.Debug|Any CPU.ActiveCfg = Debug|Any CPU
		{5538E6D8-2E2F-4A35-880E-20167ECA33A6}.Debug|Any CPU.Build.0 = Debug|Any CPU
		{5538E6D8-2E2F-4A35-880E-20167ECA33A6}.Release|Any CPU.ActiveCfg = Release|Any CPU
		{5538E6D8-2E2F-4A35-880E-20167ECA33A6}.Release|Any CPU.Build.0 = Release|Any CPU
		{503432AC-5ADA-46D2-9319-108772E05360}.Debug|Any CPU.ActiveCfg = Debug
		{503432AC-5ADA-46D2-9319-108772E05360}.Debug|Any CPU.Build.0 = Debug
		{503432AC-5ADA-46D2-9319-108772E05360}.Release|Any CPU.ActiveCfg = Release
		{503432AC-5ADA-46D2-9319-108772E05360}.Release|Any CPU.Build.0 = Release
	EndGlobalSection
	GlobalSection(SolutionProperties) = preSolution
		HideSolutionNode = FALSE
	EndGlobalSection
EndGlobal
